<?xml version="1.0" encoding="UTF-8"?>
<!DOCTYPE plist PUBLIC "-//Apple//DTD PLIST 1.0//EN" "http://www.apple.com/DTDs/PropertyList-1.0.dtd">
<plist version="1.0">
<dict>
	<key>archiveVersion</key>
	<string>1</string>
	<key>classes</key>
	<dict/>
	<key>objectVersion</key>
	<string>46</string>
	<key>objects</key>
	<dict>
		<key>080E96DDFE201D6D7F000001</key>
		<dict>
			<key>children</key>
			<array>
				<string>28FCBF0A0DE6A6C6007A15C7</string>
				<string>28FCBF0B0DE6A6C6007A15C7</string>
				<string>180F09140DCA9C0500D424D6</string>
				<string>180F09150DCA9C0500D424D6</string>
				<string>69D8E9400DE7A5FC0045AF3C</string>
				<string>69D8E9410DE7A5FC0045AF3C</string>
				<string>966D0AFA0DF4CB4D0054F11F</string>
				<string>966D0AFB0DF4CB4D0054F11F</string>
				<string>286DDA6D0DE77039005EF016</string>
				<string>286DDA6E0DE77039005EF016</string>
				<string>286DD99E0DE747BF005EF016</string>
				<string>286DD99F0DE747BF005EF016</string>
				<string>69A0E6140DE92A470087803E</string>
				<string>69A0E6150DE92A470087803E</string>
			</array>
			<key>isa</key>
			<string>PBXGroup</string>
			<key>name</key>
			<string>Recipe View Controllers</string>
			<key>path</key>
			<string>Classes</string>
			<key>sourceTree</key>
			<string>&lt;group&gt;</string>
		</dict>
		<key>0EC35B4A7F4C4A6947BE3093</key>
		<dict>
			<key>explicitFileType</key>
			<string>archive.ar</string>
			<key>includeInIndex</key>
			<string>0</string>
			<key>isa</key>
			<string>PBXFileReference</string>
			<key>path</key>
			<string>libPods-ios.a</string>
			<key>sourceTree</key>
			<string>BUILT_PRODUCTS_DIR</string>
		</dict>
		<key>180F09140DCA9C0500D424D6</key>
		<dict>
			<key>fileEncoding</key>
			<string>4</string>
			<key>isa</key>
			<string>PBXFileReference</string>
			<key>lastKnownFileType</key>
			<string>sourcecode.c.h</string>
			<key>path</key>
			<string>RecipeDetailViewController.h</string>
			<key>sourceTree</key>
			<string>&lt;group&gt;</string>
		</dict>
		<key>180F09150DCA9C0500D424D6</key>
		<dict>
			<key>fileEncoding</key>
			<string>4</string>
			<key>isa</key>
			<string>PBXFileReference</string>
			<key>lastKnownFileType</key>
			<string>sourcecode.c.objc</string>
			<key>path</key>
			<string>RecipeDetailViewController.m</string>
			<key>sourceTree</key>
			<string>&lt;group&gt;</string>
		</dict>
		<key>184FEA390DEF6D4D00887625</key>
		<dict>
			<key>fileEncoding</key>
			<string>4</string>
			<key>isa</key>
			<string>PBXFileReference</string>
			<key>lastKnownFileType</key>
			<string>sourcecode.c.h</string>
			<key>name</key>
			<string>WeightConverterViewController.h</string>
			<key>path</key>
			<string>Classes/WeightConverterViewController.h</string>
			<key>sourceTree</key>
			<string>&lt;group&gt;</string>
		</dict>
		<key>184FEA3A0DEF6D4D00887625</key>
		<dict>
			<key>fileEncoding</key>
			<string>4</string>
			<key>isa</key>
			<string>PBXFileReference</string>
			<key>lastKnownFileType</key>
			<string>sourcecode.c.objc</string>
			<key>name</key>
			<string>WeightConverterViewController.m</string>
			<key>path</key>
			<string>Classes/WeightConverterViewController.m</string>
			<key>sourceTree</key>
			<string>&lt;group&gt;</string>
		</dict>
		<key>184FEA3B0DEF6D4D00887625</key>
		<dict>
			<key>fileEncoding</key>
			<string>4</string>
			<key>isa</key>
			<string>PBXFileReference</string>
			<key>lastKnownFileType</key>
			<string>sourcecode.c.objc</string>
			<key>name</key>
			<string>TemperatureConverterViewController.m</string>
			<key>path</key>
			<string>Classes/TemperatureConverterViewController.m</string>
			<key>sourceTree</key>
			<string>&lt;group&gt;</string>
		</dict>
		<key>184FEA3C0DEF6D4D00887625</key>
		<dict>
			<key>fileEncoding</key>
			<string>4</string>
			<key>isa</key>
			<string>PBXFileReference</string>
			<key>lastKnownFileType</key>
			<string>sourcecode.c.h</string>
			<key>name</key>
			<string>TemperatureConverterViewController.h</string>
			<key>path</key>
			<string>Classes/TemperatureConverterViewController.h</string>
			<key>sourceTree</key>
			<string>&lt;group&gt;</string>
		</dict>
		<key>184FEA3E0DEF6D4D00887625</key>
		<dict>
			<key>fileRef</key>
			<string>184FEA3A0DEF6D4D00887625</string>
			<key>isa</key>
			<string>PBXBuildFile</string>
		</dict>
		<key>184FEA3F0DEF6D4D00887625</key>
		<dict>
			<key>fileRef</key>
			<string>184FEA3B0DEF6D4D00887625</string>
			<key>isa</key>
			<string>PBXBuildFile</string>
		</dict>
		<key>19C28FACFE9D520D11CA2CBB</key>
		<dict>
			<key>children</key>
			<array>
				<string>1D6058910D05DD3D006BFB54</string>
			</array>
			<key>isa</key>
			<string>PBXGroup</string>
			<key>name</key>
			<string>Products</string>
			<key>sourceTree</key>
			<string>&lt;group&gt;</string>
		</dict>
		<key>1D3623240D0F684500981E51</key>
		<dict>
			<key>fileEncoding</key>
			<string>4</string>
			<key>isa</key>
			<string>PBXFileReference</string>
			<key>lastKnownFileType</key>
			<string>sourcecode.c.h</string>
			<key>name</key>
			<string>RecipesAppDelegate.h</string>
			<key>path</key>
			<string>Classes/RecipesAppDelegate.h</string>
			<key>sourceTree</key>
			<string>&lt;group&gt;</string>
		</dict>
		<key>1D3623250D0F684500981E51</key>
		<dict>
			<key>fileEncoding</key>
			<string>4</string>
			<key>isa</key>
			<string>PBXFileReference</string>
			<key>lastKnownFileType</key>
			<string>sourcecode.c.objc</string>
			<key>name</key>
			<string>RecipesAppDelegate.m</string>
			<key>path</key>
			<string>Classes/RecipesAppDelegate.m</string>
			<key>sourceTree</key>
			<string>&lt;group&gt;</string>
		</dict>
		<key>1D3623260D0F684500981E51</key>
		<dict>
			<key>fileRef</key>
			<string>1D3623250D0F684500981E51</string>
			<key>isa</key>
			<string>PBXBuildFile</string>
		</dict>
		<key>1D60588D0D05DD3D006BFB54</key>
		<dict>
			<key>buildActionMask</key>
			<string>2147483647</string>
			<key>files</key>
			<array>
				<string>28963B800DFC8214005CC955</string>
				<string>282FFCBB0FC8AAB500A28FE2</string>
				<string>53757D0C18AC306A0080EA8D</string>
				<string>53506710188075A9003726E2</string>
			</array>
			<key>isa</key>
			<string>PBXResourcesBuildPhase</string>
			<key>runOnlyForDeploymentPostprocessing</key>
			<string>0</string>
		</dict>
		<key>1D60588E0D05DD3D006BFB54</key>
		<dict>
			<key>buildActionMask</key>
			<string>2147483647</string>
			<key>files</key>
			<array>
				<string>1D60589B0D05DD56006BFB54</string>
				<string>1D3623260D0F684500981E51</string>
				<string>28FCBE7A0DE69516007A15C7</string>
				<string>28FCBF0C0DE6A6C6007A15C7</string>
				<string>283EA3640DEE388300DBD352</string>
				<string>184FEA3E0DEF6D4D00887625</string>
				<string>184FEA3F0DEF6D4D00887625</string>
				<string>28963B450DFC7F5F005CC955</string>
				<string>280CEB6C0E38093400021185</string>
				<string>280CEB6D0E38093400021185</string>
				<string>28D3D9AD0FC33C27000F9EF1</string>
				<string>28172EA70FC612370081FF0D</string>
				<string>2858E6570FC63C2500DEACE0</string>
				<string>2858E65E0FC63FEB00DEACE0</string>
				<string>2858E66B0FC6404C00DEACE0</string>
				<string>2858E6C00FC6464700DEACE0</string>
				<string>2858E70B0FC6583300DEACE0</string>
				<string>2858E7430FC65DDE00DEACE0</string>
				<string>2858E7790FC6625400DEACE0</string>
			</array>
			<key>isa</key>
			<string>PBXSourcesBuildPhase</string>
			<key>runOnlyForDeploymentPostprocessing</key>
			<string>0</string>
		</dict>
		<key>1D60588F0D05DD3D006BFB54</key>
		<dict>
			<key>buildActionMask</key>
			<string>2147483647</string>
			<key>files</key>
			<array>
				<string>28B35EC40FC5DCD100ED0C40</string>
				<string>28B35EC60FC5DCD100ED0C40</string>
				<string>28B35EC80FC5DCD100ED0C40</string>
				<string>28B35FB70FC5E10C00ED0C40</string>
				<string>F658CCA702610771D3AF336B</string>
			</array>
			<key>isa</key>
			<string>PBXFrameworksBuildPhase</string>
			<key>runOnlyForDeploymentPostprocessing</key>
			<string>0</string>
		</dict>
		<key>1D6058900D05DD3D006BFB54</key>
		<dict>
			<key>buildConfigurationList</key>
			<string>1D6058960D05DD3E006BFB54</string>
			<key>buildPhases</key>
			<array>
				<string>6B78B513CEB00FBF100B8FC7</string>
				<string>1D60588D0D05DD3D006BFB54</string>
				<string>1D60588E0D05DD3D006BFB54</string>
				<string>1D60588F0D05DD3D006BFB54</string>
				<string>47D3F4091B475A8066FD2AA3</string>
			</array>
			<key>buildRules</key>
			<array/>
			<key>dependencies</key>
			<array/>
			<key>isa</key>
			<string>PBXNativeTarget</string>
			<key>name</key>
			<string>Recipes</string>
			<key>productName</key>
			<string>ChocolateCake</string>
			<key>productReference</key>
			<string>1D6058910D05DD3D006BFB54</string>
			<key>productType</key>
			<string>com.apple.product-type.application</string>
		</dict>
		<key>1D6058910D05DD3D006BFB54</key>
		<dict>
			<key>explicitFileType</key>
			<string>wrapper.application</string>
			<key>includeInIndex</key>
			<string>0</string>
			<key>isa</key>
			<string>PBXFileReference</string>
			<key>path</key>
			<string>Recipes.app</string>
			<key>sourceTree</key>
			<string>BUILT_PRODUCTS_DIR</string>
		</dict>
		<key>1D6058940D05DD3E006BFB54</key>
		<dict>
			<key>baseConfigurationReference</key>
			<string>2370C036D29589D51D3BC16A</string>
			<key>buildSettings</key>
			<dict>
				<key>ALWAYS_SEARCH_USER_PATHS</key>
				<string>NO</string>
				<key>ASSETCATALOG_COMPILER_APPICON_NAME</key>
				<string>AppIcon</string>
				<key>ASSETCATALOG_COMPILER_LAUNCHIMAGE_NAME</key>
				<string>LaunchImage</string>
				<key>CLANG_ENABLE_OBJC_ARC</key>
				<string>YES</string>
				<key>COPY_PHASE_STRIP</key>
				<string>NO</string>
				<key>GCC_DYNAMIC_NO_PIC</key>
				<string>NO</string>
				<key>GCC_OPTIMIZATION_LEVEL</key>
				<string>0</string>
				<key>GCC_PRECOMPILE_PREFIX_HEADER</key>
				<string>YES</string>
				<key>GCC_PREFIX_HEADER</key>
				<string>Recipes_Prefix.pch</string>
				<key>INFOPLIST_FILE</key>
				<string>Info.plist</string>
				<key>IPHONEOS_DEPLOYMENT_TARGET</key>
				<string>7.0</string>
				<key>PRODUCT_NAME</key>
				<string>Recipes</string>
			</dict>
			<key>isa</key>
			<string>XCBuildConfiguration</string>
			<key>name</key>
			<string>Debug</string>
		</dict>
		<key>1D6058950D05DD3E006BFB54</key>
		<dict>
			<key>baseConfigurationReference</key>
			<string>7C9E8A4CFA3EFBBEBDFEF8FD</string>
			<key>buildSettings</key>
			<dict>
				<key>ALWAYS_SEARCH_USER_PATHS</key>
				<string>NO</string>
				<key>ASSETCATALOG_COMPILER_APPICON_NAME</key>
				<string>AppIcon</string>
				<key>ASSETCATALOG_COMPILER_LAUNCHIMAGE_NAME</key>
				<string>LaunchImage</string>
				<key>CLANG_ENABLE_OBJC_ARC</key>
				<string>YES</string>
				<key>COPY_PHASE_STRIP</key>
				<string>YES</string>
				<key>GCC_PRECOMPILE_PREFIX_HEADER</key>
				<string>YES</string>
				<key>GCC_PREFIX_HEADER</key>
				<string>Recipes_Prefix.pch</string>
				<key>INFOPLIST_FILE</key>
				<string>Info.plist</string>
				<key>IPHONEOS_DEPLOYMENT_TARGET</key>
				<string>7.0</string>
				<key>PRODUCT_NAME</key>
				<string>Recipes</string>
			</dict>
			<key>isa</key>
			<string>XCBuildConfiguration</string>
			<key>name</key>
			<string>Release</string>
		</dict>
		<key>1D6058960D05DD3E006BFB54</key>
		<dict>
			<key>buildConfigurations</key>
			<array>
				<string>1D6058940D05DD3E006BFB54</string>
				<string>1D6058950D05DD3E006BFB54</string>
			</array>
			<key>defaultConfigurationIsVisible</key>
			<string>0</string>
			<key>defaultConfigurationName</key>
			<string>Release</string>
			<key>isa</key>
			<string>XCConfigurationList</string>
		</dict>
		<key>1D60589B0D05DD56006BFB54</key>
		<dict>
			<key>fileRef</key>
			<string>29B97316FDCFA39411CA2CEA</string>
			<key>isa</key>
			<string>PBXBuildFile</string>
		</dict>
		<key>2370C036D29589D51D3BC16A</key>
		<dict>
			<key>includeInIndex</key>
			<string>1</string>
			<key>isa</key>
			<string>PBXFileReference</string>
			<key>lastKnownFileType</key>
			<string>text.xcconfig</string>
			<key>name</key>
			<string>Pods-ios.debug.xcconfig</string>
			<key>path</key>
			<string>Pods/Target Support Files/Pods-ios/Pods-ios.debug.xcconfig</string>
			<key>sourceTree</key>
			<string>&lt;group&gt;</string>
		</dict>
		<key>280CEB680E38093400021185</key>
		<dict>
			<key>fileEncoding</key>
			<string>4</string>
			<key>isa</key>
			<string>PBXFileReference</string>
			<key>lastKnownFileType</key>
			<string>sourcecode.c.h</string>
			<key>name</key>
			<string>ImperialPickerController.h</string>
			<key>path</key>
			<string>Classes/ImperialPickerController.h</string>
			<key>sourceTree</key>
			<string>&lt;group&gt;</string>
		</dict>
		<key>280CEB690E38093400021185</key>
		<dict>
			<key>fileEncoding</key>
			<string>4</string>
			<key>isa</key>
			<string>PBXFileReference</string>
			<key>lastKnownFileType</key>
			<string>sourcecode.c.objc</string>
			<key>name</key>
			<string>ImperialPickerController.m</string>
			<key>path</key>
			<string>Classes/ImperialPickerController.m</string>
			<key>sourceTree</key>
			<string>&lt;group&gt;</string>
		</dict>
		<key>280CEB6A0E38093400021185</key>
		<dict>
			<key>fileEncoding</key>
			<string>4</string>
			<key>isa</key>
			<string>PBXFileReference</string>
			<key>lastKnownFileType</key>
			<string>sourcecode.c.h</string>
			<key>name</key>
			<string>MetricPickerController.h</string>
			<key>path</key>
			<string>Classes/MetricPickerController.h</string>
			<key>sourceTree</key>
			<string>&lt;group&gt;</string>
		</dict>
		<key>280CEB6B0E38093400021185</key>
		<dict>
			<key>fileEncoding</key>
			<string>4</string>
			<key>isa</key>
			<string>PBXFileReference</string>
			<key>lastKnownFileType</key>
			<string>sourcecode.c.objc</string>
			<key>name</key>
			<string>MetricPickerController.m</string>
			<key>path</key>
			<string>Classes/MetricPickerController.m</string>
			<key>sourceTree</key>
			<string>&lt;group&gt;</string>
		</dict>
		<key>280CEB6C0E38093400021185</key>
		<dict>
			<key>fileRef</key>
			<string>280CEB690E38093400021185</string>
			<key>isa</key>
			<string>PBXBuildFile</string>
		</dict>
		<key>280CEB6D0E38093400021185</key>
		<dict>
			<key>fileRef</key>
			<string>280CEB6B0E38093400021185</string>
			<key>isa</key>
			<string>PBXBuildFile</string>
		</dict>
		<key>28172EA70FC612370081FF0D</key>
		<dict>
			<key>fileRef</key>
			<string>69D8E9410DE7A5FC0045AF3C</string>
			<key>isa</key>
			<string>PBXBuildFile</string>
		</dict>
		<key>282FFCBA0FC8AAB500A28FE2</key>
		<dict>
			<key>isa</key>
			<string>PBXFileReference</string>
			<key>lastKnownFileType</key>
			<string>file</string>
			<key>name</key>
			<string>Recipes.sqlite</string>
			<key>path</key>
			<string>RecipeData/Recipes.sqlite</string>
			<key>sourceTree</key>
			<string>&lt;group&gt;</string>
		</dict>
		<key>282FFCBB0FC8AAB500A28FE2</key>
		<dict>
			<key>fileRef</key>
			<string>282FFCBA0FC8AAB500A28FE2</string>
			<key>isa</key>
			<string>PBXBuildFile</string>
		</dict>
		<key>283EA3620DEE388300DBD352</key>
		<dict>
			<key>fileEncoding</key>
			<string>4</string>
			<key>isa</key>
			<string>PBXFileReference</string>
			<key>lastKnownFileType</key>
			<string>sourcecode.c.h</string>
			<key>name</key>
			<string>RecipeTableViewCell.h</string>
			<key>path</key>
			<string>Classes/RecipeTableViewCell.h</string>
			<key>sourceTree</key>
			<string>&lt;group&gt;</string>
		</dict>
		<key>283EA3630DEE388300DBD352</key>
		<dict>
			<key>fileEncoding</key>
			<string>4</string>
			<key>isa</key>
			<string>PBXFileReference</string>
			<key>lastKnownFileType</key>
			<string>sourcecode.c.objc</string>
			<key>name</key>
			<string>RecipeTableViewCell.m</string>
			<key>path</key>
			<string>Classes/RecipeTableViewCell.m</string>
			<key>sourceTree</key>
			<string>&lt;group&gt;</string>
		</dict>
		<key>283EA3640DEE388300DBD352</key>
		<dict>
			<key>fileRef</key>
			<string>283EA3630DEE388300DBD352</string>
			<key>isa</key>
			<string>PBXBuildFile</string>
		</dict>
		<key>2858E6570FC63C2500DEACE0</key>
		<dict>
			<key>fileRef</key>
			<string>180F09150DCA9C0500D424D6</string>
			<key>isa</key>
			<string>PBXBuildFile</string>
		</dict>
		<key>2858E65E0FC63FEB00DEACE0</key>
		<dict>
			<key>fileRef</key>
			<string>69A0E6150DE92A470087803E</string>
			<key>isa</key>
			<string>PBXBuildFile</string>
		</dict>
		<key>2858E66B0FC6404C00DEACE0</key>
		<dict>
			<key>fileRef</key>
			<string>286DD99F0DE747BF005EF016</string>
			<key>isa</key>
			<string>PBXBuildFile</string>
		</dict>
		<key>2858E6C00FC6464700DEACE0</key>
		<dict>
			<key>fileRef</key>
			<string>286DDA6E0DE77039005EF016</string>
			<key>isa</key>
			<string>PBXBuildFile</string>
		</dict>
		<key>2858E7090FC6583300DEACE0</key>
		<dict>
			<key>fileEncoding</key>
			<string>4</string>
			<key>isa</key>
			<string>PBXFileReference</string>
			<key>lastKnownFileType</key>
			<string>sourcecode.c.h</string>
			<key>name</key>
			<string>Ingredient.h</string>
			<key>path</key>
			<string>Classes/Ingredient.h</string>
			<key>sourceTree</key>
			<string>&lt;group&gt;</string>
		</dict>
		<key>2858E70A0FC6583300DEACE0</key>
		<dict>
			<key>fileEncoding</key>
			<string>4</string>
			<key>isa</key>
			<string>PBXFileReference</string>
			<key>lastKnownFileType</key>
			<string>sourcecode.c.objc</string>
			<key>name</key>
			<string>Ingredient.m</string>
			<key>path</key>
			<string>Classes/Ingredient.m</string>
			<key>sourceTree</key>
			<string>&lt;group&gt;</string>
		</dict>
		<key>2858E70B0FC6583300DEACE0</key>
		<dict>
			<key>fileRef</key>
			<string>2858E70A0FC6583300DEACE0</string>
			<key>isa</key>
			<string>PBXBuildFile</string>
		</dict>
		<key>2858E7430FC65DDE00DEACE0</key>
		<dict>
			<key>fileRef</key>
			<string>966D0AFB0DF4CB4D0054F11F</string>
			<key>isa</key>
			<string>PBXBuildFile</string>
		</dict>
		<key>2858E7770FC6625400DEACE0</key>
		<dict>
			<key>fileEncoding</key>
			<string>4</string>
			<key>isa</key>
			<string>PBXFileReference</string>
			<key>lastKnownFileType</key>
			<string>sourcecode.c.h</string>
			<key>name</key>
			<string>EditingTableViewCell.h</string>
			<key>path</key>
			<string>Classes/EditingTableViewCell.h</string>
			<key>sourceTree</key>
			<string>&lt;group&gt;</string>
		</dict>
		<key>2858E7780FC6625400DEACE0</key>
		<dict>
			<key>fileEncoding</key>
			<string>4</string>
			<key>isa</key>
			<string>PBXFileReference</string>
			<key>lastKnownFileType</key>
			<string>sourcecode.c.objc</string>
			<key>name</key>
			<string>EditingTableViewCell.m</string>
			<key>path</key>
			<string>Classes/EditingTableViewCell.m</string>
			<key>sourceTree</key>
			<string>&lt;group&gt;</string>
		</dict>
		<key>2858E7790FC6625400DEACE0</key>
		<dict>
			<key>fileRef</key>
			<string>2858E7780FC6625400DEACE0</string>
			<key>isa</key>
			<string>PBXBuildFile</string>
		</dict>
		<key>286DD99E0DE747BF005EF016</key>
		<dict>
			<key>fileEncoding</key>
			<string>4</string>
			<key>isa</key>
			<string>PBXFileReference</string>
			<key>lastKnownFileType</key>
			<string>sourcecode.c.h</string>
			<key>path</key>
			<string>InstructionsViewController.h</string>
			<key>sourceTree</key>
			<string>&lt;group&gt;</string>
		</dict>
		<key>286DD99F0DE747BF005EF016</key>
		<dict>
			<key>fileEncoding</key>
			<string>4</string>
			<key>isa</key>
			<string>PBXFileReference</string>
			<key>lastKnownFileType</key>
			<string>sourcecode.c.objc</string>
			<key>path</key>
			<string>InstructionsViewController.m</string>
			<key>sourceTree</key>
			<string>&lt;group&gt;</string>
		</dict>
		<key>286DDA180DE761A2005EF016</key>
		<dict>
			<key>children</key>
			<array>
				<string>1D3623240D0F684500981E51</string>
				<string>1D3623250D0F684500981E51</string>
			</array>
			<key>isa</key>
			<string>PBXGroup</string>
			<key>name</key>
			<string>Application</string>
			<key>sourceTree</key>
			<string>&lt;group&gt;</string>
		</dict>
		<key>286DDA6D0DE77039005EF016</key>
		<dict>
			<key>fileEncoding</key>
			<string>4</string>
			<key>isa</key>
			<string>PBXFileReference</string>
			<key>lastKnownFileType</key>
			<string>sourcecode.c.h</string>
			<key>path</key>
			<string>TypeSelectionViewController.h</string>
			<key>sourceTree</key>
			<string>&lt;group&gt;</string>
		</dict>
		<key>286DDA6E0DE77039005EF016</key>
		<dict>
			<key>fileEncoding</key>
			<string>4</string>
			<key>isa</key>
			<string>PBXFileReference</string>
			<key>lastKnownFileType</key>
			<string>sourcecode.c.objc</string>
			<key>path</key>
			<string>TypeSelectionViewController.m</string>
			<key>sourceTree</key>
			<string>&lt;group&gt;</string>
		</dict>
		<key>28963B430DFC7F5F005CC955</key>
		<dict>
			<key>fileEncoding</key>
			<string>4</string>
			<key>isa</key>
			<string>PBXFileReference</string>
			<key>lastKnownFileType</key>
			<string>sourcecode.c.h</string>
			<key>name</key>
			<string>TemperatureCell.h</string>
			<key>path</key>
			<string>Classes/TemperatureCell.h</string>
			<key>sourceTree</key>
			<string>&lt;group&gt;</string>
		</dict>
		<key>28963B440DFC7F5F005CC955</key>
		<dict>
			<key>fileEncoding</key>
			<string>4</string>
			<key>isa</key>
			<string>PBXFileReference</string>
			<key>lastKnownFileType</key>
			<string>sourcecode.c.objc</string>
			<key>name</key>
			<string>TemperatureCell.m</string>
			<key>path</key>
			<string>Classes/TemperatureCell.m</string>
			<key>sourceTree</key>
			<string>&lt;group&gt;</string>
		</dict>
		<key>28963B450DFC7F5F005CC955</key>
		<dict>
			<key>fileRef</key>
			<string>28963B440DFC7F5F005CC955</string>
			<key>isa</key>
			<string>PBXBuildFile</string>
		</dict>
		<key>28963B7F0DFC8214005CC955</key>
		<dict>
			<key>fileEncoding</key>
			<string>4</string>
			<key>isa</key>
			<string>PBXFileReference</string>
			<key>lastKnownFileType</key>
			<string>text.plist.xml</string>
			<key>name</key>
			<string>TemperatureData.plist</string>
			<key>path</key>
			<string>RecipeData/TemperatureData.plist</string>
			<key>sourceTree</key>
			<string>&lt;group&gt;</string>
		</dict>
		<key>28963B800DFC8214005CC955</key>
		<dict>
			<key>fileRef</key>
			<string>28963B7F0DFC8214005CC955</string>
			<key>isa</key>
			<string>PBXBuildFile</string>
		</dict>
		<key>28B35EC30FC5DCD100ED0C40</key>
		<dict>
			<key>isa</key>
			<string>PBXFileReference</string>
			<key>lastKnownFileType</key>
			<string>wrapper.framework</string>
			<key>name</key>
			<string>CoreData.framework</string>
			<key>path</key>
			<string>System/Library/Frameworks/CoreData.framework</string>
			<key>sourceTree</key>
			<string>SDKROOT</string>
		</dict>
		<key>28B35EC40FC5DCD100ED0C40</key>
		<dict>
			<key>fileRef</key>
			<string>28B35EC30FC5DCD100ED0C40</string>
			<key>isa</key>
			<string>PBXBuildFile</string>
		</dict>
		<key>28B35EC50FC5DCD100ED0C40</key>
		<dict>
			<key>isa</key>
			<string>PBXFileReference</string>
			<key>lastKnownFileType</key>
			<string>wrapper.framework</string>
			<key>name</key>
			<string>CoreGraphics.framework</string>
			<key>path</key>
			<string>System/Library/Frameworks/CoreGraphics.framework</string>
			<key>sourceTree</key>
			<string>SDKROOT</string>
		</dict>
		<key>28B35EC60FC5DCD100ED0C40</key>
		<dict>
			<key>fileRef</key>
			<string>28B35EC50FC5DCD100ED0C40</string>
			<key>isa</key>
			<string>PBXBuildFile</string>
		</dict>
		<key>28B35EC70FC5DCD100ED0C40</key>
		<dict>
			<key>isa</key>
			<string>PBXFileReference</string>
			<key>lastKnownFileType</key>
			<string>wrapper.framework</string>
			<key>name</key>
			<string>Foundation.framework</string>
			<key>path</key>
			<string>System/Library/Frameworks/Foundation.framework</string>
			<key>sourceTree</key>
			<string>SDKROOT</string>
		</dict>
		<key>28B35EC80FC5DCD100ED0C40</key>
		<dict>
			<key>fileRef</key>
			<string>28B35EC70FC5DCD100ED0C40</string>
			<key>isa</key>
			<string>PBXBuildFile</string>
		</dict>
		<key>28B35EC90FC5DCD100ED0C40</key>
		<dict>
			<key>isa</key>
			<string>PBXFileReference</string>
			<key>lastKnownFileType</key>
			<string>wrapper.framework</string>
			<key>name</key>
			<string>UIKit.framework</string>
			<key>path</key>
			<string>System/Library/Frameworks/UIKit.framework</string>
			<key>sourceTree</key>
			<string>SDKROOT</string>
		</dict>
		<key>28B35FB70FC5E10C00ED0C40</key>
		<dict>
			<key>fileRef</key>
			<string>28B35EC90FC5DCD100ED0C40</string>
			<key>isa</key>
			<string>PBXBuildFile</string>
		</dict>
		<key>28CB440A0DF7129800C7BCF9</key>
		<dict>
			<key>fileEncoding</key>
			<string>4</string>
			<key>isa</key>
			<string>PBXFileReference</string>
			<key>lastKnownFileType</key>
			<string>text</string>
			<key>path</key>
			<string>ReadMe.txt</string>
			<key>sourceTree</key>
			<string>&lt;group&gt;</string>
		</dict>
		<key>28D3D9AC0FC33C27000F9EF1</key>
		<dict>
			<key>fileEncoding</key>
			<string>4</string>
			<key>isa</key>
			<string>PBXFileReference</string>
			<key>lastKnownFileType</key>
			<string>wrapper.xcdatamodel</string>
			<key>path</key>
			<string>Recipes.xcdatamodel</string>
			<key>sourceTree</key>
			<string>&lt;group&gt;</string>
		</dict>
		<key>28D3D9AD0FC33C27000F9EF1</key>
		<dict>
			<key>fileRef</key>
			<string>28D3D9AC0FC33C27000F9EF1</string>
			<key>isa</key>
			<string>PBXBuildFile</string>
		</dict>
		<key>28E87BED0DF21E0D00EE412E</key>
		<dict>
			<key>children</key>
			<array>
				<string>184FEA3C0DEF6D4D00887625</string>
				<string>184FEA3B0DEF6D4D00887625</string>
				<string>184FEA390DEF6D4D00887625</string>
				<string>184FEA3A0DEF6D4D00887625</string>
				<string>280CEB680E38093400021185</string>
				<string>280CEB690E38093400021185</string>
				<string>280CEB6A0E38093400021185</string>
				<string>280CEB6B0E38093400021185</string>
			</array>
			<key>isa</key>
			<string>PBXGroup</string>
			<key>name</key>
			<string>Converter View Controllers</string>
			<key>sourceTree</key>
			<string>&lt;group&gt;</string>
		</dict>
		<key>28EDDE6E0E043EF10085763B</key>
		<dict>
			<key>children</key>
			<array>
				<string>282FFCBA0FC8AAB500A28FE2</string>
				<string>28963B7F0DFC8214005CC955</string>
				<string>8D1107310486CEB800E47090</string>
				<string>5350670E188075A9003726E2</string>
				<string>53757D0B18AC306A0080EA8D</string>
			</array>
			<key>isa</key>
			<string>PBXGroup</string>
			<key>name</key>
			<string>Application Resources</string>
			<key>sourceTree</key>
			<string>&lt;group&gt;</string>
		</dict>
		<key>28FCBE780DE69516007A15C7</key>
		<dict>
			<key>fileEncoding</key>
			<string>4</string>
			<key>isa</key>
			<string>PBXFileReference</string>
			<key>lastKnownFileType</key>
			<string>sourcecode.c.h</string>
			<key>name</key>
			<string>Recipe.h</string>
			<key>path</key>
			<string>Classes/Recipe.h</string>
			<key>sourceTree</key>
			<string>&lt;group&gt;</string>
		</dict>
		<key>28FCBE790DE69516007A15C7</key>
		<dict>
			<key>fileEncoding</key>
			<string>4</string>
			<key>isa</key>
			<string>PBXFileReference</string>
			<key>lastKnownFileType</key>
			<string>sourcecode.c.objc</string>
			<key>name</key>
			<string>Recipe.m</string>
			<key>path</key>
			<string>Classes/Recipe.m</string>
			<key>sourceTree</key>
			<string>&lt;group&gt;</string>
		</dict>
		<key>28FCBE7A0DE69516007A15C7</key>
		<dict>
			<key>fileRef</key>
			<string>28FCBE790DE69516007A15C7</string>
			<key>isa</key>
			<string>PBXBuildFile</string>
		</dict>
		<key>28FCBE8F0DE69AD4007A15C7</key>
		<dict>
			<key>children</key>
			<array>
				<string>28D3D9AC0FC33C27000F9EF1</string>
				<string>28FCBE780DE69516007A15C7</string>
				<string>28FCBE790DE69516007A15C7</string>
				<string>2858E7090FC6583300DEACE0</string>
				<string>2858E70A0FC6583300DEACE0</string>
			</array>
			<key>isa</key>
			<string>PBXGroup</string>
			<key>name</key>
			<string>Model and Model Classes</string>
			<key>sourceTree</key>
			<string>&lt;group&gt;</string>
		</dict>
		<key>28FCBF0A0DE6A6C6007A15C7</key>
		<dict>
			<key>fileEncoding</key>
			<string>4</string>
			<key>isa</key>
			<string>PBXFileReference</string>
			<key>lastKnownFileType</key>
			<string>sourcecode.c.h</string>
			<key>path</key>
			<string>RecipeListTableViewController.h</string>
			<key>sourceTree</key>
			<string>&lt;group&gt;</string>
		</dict>
		<key>28FCBF0B0DE6A6C6007A15C7</key>
		<dict>
			<key>fileEncoding</key>
			<string>4</string>
			<key>isa</key>
			<string>PBXFileReference</string>
			<key>lastKnownFileType</key>
			<string>sourcecode.c.objc</string>
			<key>path</key>
			<string>RecipeListTableViewController.m</string>
			<key>sourceTree</key>
			<string>&lt;group&gt;</string>
		</dict>
		<key>28FCBF0C0DE6A6C6007A15C7</key>
		<dict>
			<key>fileRef</key>
			<string>28FCBF0B0DE6A6C6007A15C7</string>
			<key>isa</key>
			<string>PBXBuildFile</string>
		</dict>
		<key>29B97313FDCFA39411CA2CEA</key>
		<dict>
			<key>attributes</key>
			<dict>
				<key>LastUpgradeCheck</key>
				<string>0500</string>
			</dict>
			<key>buildConfigurationList</key>
			<string>C01FCF4E08A954540054247B</string>
			<key>compatibilityVersion</key>
			<string>Xcode 3.2</string>
			<key>developmentRegion</key>
			<string>English</string>
			<key>hasScannedForEncodings</key>
			<string>1</string>
			<key>isa</key>
			<string>PBXProject</string>
			<key>knownRegions</key>
			<array>
				<string>English</string>
				<string>Japanese</string>
				<string>French</string>
				<string>German</string>
				<string>en</string>
			</array>
			<key>mainGroup</key>
			<string>29B97314FDCFA39411CA2CEA</string>
			<key>projectDirPath</key>
			<string></string>
			<key>projectReferences</key>
			<array/>
			<key>projectRoot</key>
			<string></string>
			<key>targets</key>
			<array>
				<string>1D6058900D05DD3D006BFB54</string>
			</array>
		</dict>
		<key>29B97314FDCFA39411CA2CEA</key>
		<dict>
			<key>children</key>
			<array>
				<string>28CB440A0DF7129800C7BCF9</string>
				<string>286DDA180DE761A2005EF016</string>
				<string>28FCBE8F0DE69AD4007A15C7</string>
				<string>080E96DDFE201D6D7F000001</string>
				<string>28E87BED0DF21E0D00EE412E</string>
				<string>966654DF0DED0F0D009F55E3</string>
				<string>28EDDE6E0E043EF10085763B</string>
				<string>29B97315FDCFA39411CA2CEA</string>
				<string>29B97323FDCFA39411CA2CEA</string>
				<string>19C28FACFE9D520D11CA2CBB</string>
				<string>F649EFD9CCE8498C576530FE</string>
			</array>
			<key>isa</key>
			<string>PBXGroup</string>
			<key>name</key>
			<string>CustomTemplate</string>
			<key>sourceTree</key>
			<string>&lt;group&gt;</string>
		</dict>
		<key>29B97315FDCFA39411CA2CEA</key>
		<dict>
			<key>children</key>
			<array>
				<string>32CA4F630368D1EE00C91783</string>
				<string>29B97316FDCFA39411CA2CEA</string>
			</array>
			<key>isa</key>
			<string>PBXGroup</string>
			<key>name</key>
			<string>Other Sources</string>
			<key>sourceTree</key>
			<string>&lt;group&gt;</string>
		</dict>
		<key>29B97316FDCFA39411CA2CEA</key>
		<dict>
			<key>fileEncoding</key>
			<string>4</string>
			<key>isa</key>
			<string>PBXFileReference</string>
			<key>lastKnownFileType</key>
			<string>sourcecode.c.objc</string>
			<key>path</key>
			<string>main.m</string>
			<key>sourceTree</key>
			<string>&lt;group&gt;</string>
		</dict>
		<key>29B97323FDCFA39411CA2CEA</key>
		<dict>
			<key>children</key>
			<array>
				<string>28B35EC30FC5DCD100ED0C40</string>
				<string>28B35EC50FC5DCD100ED0C40</string>
				<string>28B35EC70FC5DCD100ED0C40</string>
				<string>28B35EC90FC5DCD100ED0C40</string>
				<string>0EC35B4A7F4C4A6947BE3093</string>
			</array>
			<key>isa</key>
			<string>PBXGroup</string>
			<key>name</key>
			<string>Frameworks</string>
			<key>sourceTree</key>
			<string>&lt;group&gt;</string>
		</dict>
		<key>32CA4F630368D1EE00C91783</key>
		<dict>
			<key>fileEncoding</key>
			<string>4</string>
			<key>isa</key>
			<string>PBXFileReference</string>
			<key>lastKnownFileType</key>
			<string>sourcecode.c.h</string>
			<key>path</key>
			<string>Recipes_Prefix.pch</string>
			<key>sourceTree</key>
			<string>&lt;group&gt;</string>
		</dict>
		<key>47D3F4091B475A8066FD2AA3</key>
		<dict>
			<key>buildActionMask</key>
			<string>2147483647</string>
			<key>files</key>
			<array/>
			<key>inputPaths</key>
			<array/>
			<key>isa</key>
			<string>PBXShellScriptBuildPhase</string>
			<key>name</key>
			<string>Copy Pods Resources</string>
			<key>outputPaths</key>
			<array/>
			<key>runOnlyForDeploymentPostprocessing</key>
			<string>0</string>
			<key>shellPath</key>
			<string>/bin/sh</string>
			<key>shellScript</key>
			<string>"${SRCROOT}/Pods/Target Support Files/Pods-ios/Pods-ios-resources.sh"
</string>
			<key>showEnvVarsInLog</key>
			<string>0</string>
		</dict>
		<key>5350670E188075A9003726E2</key>
		<dict>
			<key>children</key>
			<array>
				<string>5350670F188075A9003726E2</string>
			</array>
			<key>isa</key>
			<string>PBXVariantGroup</string>
			<key>name</key>
			<string>Storyboard.storyboard</string>
			<key>sourceTree</key>
			<string>&lt;group&gt;</string>
		</dict>
		<key>5350670F188075A9003726E2</key>
		<dict>
			<key>isa</key>
			<string>PBXFileReference</string>
			<key>lastKnownFileType</key>
			<string>file.storyboard</string>
			<key>name</key>
			<string>en</string>
			<key>path</key>
			<string>en.lproj/Storyboard.storyboard</string>
			<key>sourceTree</key>
			<string>&lt;group&gt;</string>
		</dict>
		<key>53506710188075A9003726E2</key>
		<dict>
			<key>fileRef</key>
			<string>5350670E188075A9003726E2</string>
			<key>isa</key>
			<string>PBXBuildFile</string>
		</dict>
		<key>53757D0B18AC306A0080EA8D</key>
		<dict>
			<key>isa</key>
			<string>PBXFileReference</string>
			<key>lastKnownFileType</key>
			<string>folder.assetcatalog</string>
			<key>path</key>
			<string>Media.xcassets</string>
			<key>sourceTree</key>
			<string>&lt;group&gt;</string>
		</dict>
		<key>53757D0C18AC306A0080EA8D</key>
		<dict>
			<key>fileRef</key>
			<string>53757D0B18AC306A0080EA8D</string>
			<key>isa</key>
			<string>PBXBuildFile</string>
		</dict>
		<key>69A0E6140DE92A470087803E</key>
		<dict>
			<key>fileEncoding</key>
			<string>4</string>
			<key>isa</key>
			<string>PBXFileReference</string>
			<key>lastKnownFileType</key>
			<string>sourcecode.c.h</string>
			<key>path</key>
			<string>RecipePhotoViewController.h</string>
			<key>sourceTree</key>
			<string>&lt;group&gt;</string>
		</dict>
		<key>69A0E6150DE92A470087803E</key>
		<dict>
			<key>fileEncoding</key>
			<string>4</string>
			<key>isa</key>
			<string>PBXFileReference</string>
			<key>lastKnownFileType</key>
			<string>sourcecode.c.objc</string>
			<key>path</key>
			<string>RecipePhotoViewController.m</string>
			<key>sourceTree</key>
			<string>&lt;group&gt;</string>
		</dict>
		<key>69D8E9400DE7A5FC0045AF3C</key>
		<dict>
			<key>fileEncoding</key>
			<string>4</string>
			<key>isa</key>
			<string>PBXFileReference</string>
			<key>lastKnownFileType</key>
			<string>sourcecode.c.h</string>
			<key>path</key>
			<string>RecipeAddViewController.h</string>
			<key>sourceTree</key>
			<string>&lt;group&gt;</string>
		</dict>
		<key>69D8E9410DE7A5FC0045AF3C</key>
		<dict>
			<key>fileEncoding</key>
			<string>4</string>
			<key>isa</key>
			<string>PBXFileReference</string>
			<key>lastKnownFileType</key>
			<string>sourcecode.c.objc</string>
			<key>path</key>
			<string>RecipeAddViewController.m</string>
			<key>sourceTree</key>
			<string>&lt;group&gt;</string>
		</dict>
		<key>6B78B513CEB00FBF100B8FC7</key>
		<dict>
			<key>buildActionMask</key>
			<string>2147483647</string>
			<key>files</key>
			<array/>
			<key>inputPaths</key>
			<array/>
			<key>isa</key>
			<string>PBXShellScriptBuildPhase</string>
			<key>name</key>
			<string>Check Pods Manifest.lock</string>
			<key>outputPaths</key>
			<array/>
			<key>runOnlyForDeploymentPostprocessing</key>
			<string>0</string>
			<key>shellPath</key>
			<string>/bin/sh</string>
			<key>shellScript</key>
			<string>diff "${PODS_ROOT}/../Podfile.lock" "${PODS_ROOT}/Manifest.lock" &gt; /dev/null
if [[ $? != 0 ]] ; then
    cat &lt;&lt; EOM
error: The sandbox is not in sync with the Podfile.lock. Run 'pod install' or update your CocoaPods installation.
EOM
    exit 1
fi
</string>
			<key>showEnvVarsInLog</key>
			<string>0</string>
		</dict>
		<key>7C9E8A4CFA3EFBBEBDFEF8FD</key>
		<dict>
			<key>includeInIndex</key>
			<string>1</string>
			<key>isa</key>
			<string>PBXFileReference</string>
			<key>lastKnownFileType</key>
			<string>text.xcconfig</string>
			<key>name</key>
			<string>Pods-ios.release.xcconfig</string>
			<key>path</key>
			<string>Pods/Target Support Files/Pods-ios/Pods-ios.release.xcconfig</string>
			<key>sourceTree</key>
			<string>&lt;group&gt;</string>
		</dict>
		<key>8D1107310486CEB800E47090</key>
		<dict>
			<key>fileEncoding</key>
			<string>4</string>
			<key>isa</key>
			<string>PBXFileReference</string>
			<key>lastKnownFileType</key>
			<string>text.plist.xml</string>
			<key>path</key>
			<string>Info.plist</string>
			<key>sourceTree</key>
			<string>&lt;group&gt;</string>
		</dict>
		<key>966654DF0DED0F0D009F55E3</key>
		<dict>
			<key>children</key>
			<array>
				<string>2858E7770FC6625400DEACE0</string>
				<string>2858E7780FC6625400DEACE0</string>
				<string>283EA3620DEE388300DBD352</string>
				<string>283EA3630DEE388300DBD352</string>
				<string>28963B430DFC7F5F005CC955</string>
				<string>28963B440DFC7F5F005CC955</string>
			</array>
			<key>isa</key>
			<string>PBXGroup</string>
			<key>name</key>
			<string>Table Cells</string>
			<key>sourceTree</key>
			<string>&lt;group&gt;</string>
		</dict>
		<key>966D0AFA0DF4CB4D0054F11F</key>
		<dict>
			<key>fileEncoding</key>
			<string>4</string>
			<key>isa</key>
			<string>PBXFileReference</string>
			<key>lastKnownFileType</key>
			<string>sourcecode.c.h</string>
			<key>path</key>
			<string>IngredientDetailViewController.h</string>
			<key>sourceTree</key>
			<string>&lt;group&gt;</string>
		</dict>
		<key>966D0AFB0DF4CB4D0054F11F</key>
		<dict>
			<key>fileEncoding</key>
			<string>4</string>
			<key>isa</key>
			<string>PBXFileReference</string>
			<key>lastKnownFileType</key>
			<string>sourcecode.c.objc</string>
			<key>path</key>
			<string>IngredientDetailViewController.m</string>
			<key>sourceTree</key>
			<string>&lt;group&gt;</string>
		</dict>
		<key>C01FCF4E08A954540054247B</key>
		<dict>
			<key>buildConfigurations</key>
			<array>
				<string>C01FCF4F08A954540054247B</string>
				<string>C01FCF5008A954540054247B</string>
			</array>
			<key>defaultConfigurationIsVisible</key>
			<string>0</string>
			<key>defaultConfigurationName</key>
			<string>Release</string>
			<key>isa</key>
			<string>XCConfigurationList</string>
		</dict>
		<key>C01FCF4F08A954540054247B</key>
		<dict>
			<key>buildSettings</key>
			<dict>
				<key>CLANG_WARN__DUPLICATE_METHOD_MATCH</key>
				<string>YES</string>
				<key>CODE_SIGN_IDENTITY[sdk=iphoneos*]</key>
				<string>iPhone Developer</string>
				<key>GCC_C_LANGUAGE_STANDARD</key>
				<string>c99</string>
				<key>GCC_WARN_ABOUT_RETURN_TYPE</key>
				<string>YES</string>
				<key>GCC_WARN_INITIALIZER_NOT_FULLY_BRACKETED</key>
				<string>YES</string>
				<key>GCC_WARN_SHADOW</key>
				<string>YES</string>
				<key>GCC_WARN_SIGN_COMPARE</key>
				<string>YES</string>
				<key>GCC_WARN_UNDECLARED_SELECTOR</key>
				<string>YES</string>
				<key>GCC_WARN_UNINITIALIZED_AUTOS</key>
				<string>YES</string>
				<key>GCC_WARN_UNUSED_FUNCTION</key>
				<string>YES</string>
				<key>GCC_WARN_UNUSED_LABEL</key>
				<string>YES</string>
				<key>GCC_WARN_UNUSED_VARIABLE</key>
				<string>YES</string>
				<key>IPHONEOS_DEPLOYMENT_TARGET</key>
				<string>6.0</string>
				<key>ONLY_ACTIVE_ARCH</key>
				<string>YES</string>
				<key>PREBINDING</key>
				<string>NO</string>
				<key>RUN_CLANG_STATIC_ANALYZER</key>
				<string>YES</string>
				<key>SDKROOT</key>
				<string>iphoneos</string>
			</dict>
			<key>isa</key>
			<string>XCBuildConfiguration</string>
			<key>name</key>
			<string>Debug</string>
		</dict>
		<key>C01FCF5008A954540054247B</key>
		<dict>
			<key>buildSettings</key>
			<dict>
				<key>CLANG_WARN__DUPLICATE_METHOD_MATCH</key>
				<string>YES</string>
				<key>CODE_SIGN_IDENTITY[sdk=iphoneos*]</key>
				<string>iPhone Developer</string>
				<key>GCC_C_LANGUAGE_STANDARD</key>
				<string>c99</string>
				<key>GCC_WARN_ABOUT_RETURN_TYPE</key>
				<string>YES</string>
				<key>GCC_WARN_INITIALIZER_NOT_FULLY_BRACKETED</key>
				<string>YES</string>
				<key>GCC_WARN_SHADOW</key>
				<string>YES</string>
				<key>GCC_WARN_SIGN_COMPARE</key>
				<string>YES</string>
				<key>GCC_WARN_UNDECLARED_SELECTOR</key>
				<string>YES</string>
				<key>GCC_WARN_UNINITIALIZED_AUTOS</key>
				<string>YES</string>
				<key>GCC_WARN_UNUSED_FUNCTION</key>
				<string>YES</string>
				<key>GCC_WARN_UNUSED_LABEL</key>
				<string>YES</string>
				<key>GCC_WARN_UNUSED_VARIABLE</key>
				<string>YES</string>
				<key>IPHONEOS_DEPLOYMENT_TARGET</key>
				<string>6.0</string>
				<key>PREBINDING</key>
				<string>NO</string>
				<key>RUN_CLANG_STATIC_ANALYZER</key>
				<string>NO</string>
				<key>SDKROOT</key>
				<string>iphoneos</string>
			</dict>
			<key>isa</key>
			<string>XCBuildConfiguration</string>
			<key>name</key>
			<string>Release</string>
		</dict>
		<key>F649EFD9CCE8498C576530FE</key>
		<dict>
			<key>children</key>
			<array>
				<string>2370C036D29589D51D3BC16A</string>
				<string>7C9E8A4CFA3EFBBEBDFEF8FD</string>
			</array>
			<key>isa</key>
			<string>PBXGroup</string>
			<key>name</key>
			<string>Pods</string>
			<key>sourceTree</key>
			<string>&lt;group&gt;</string>
		</dict>
		<key>F658CCA702610771D3AF336B</key>
		<dict>
			<key>fileRef</key>
			<string>0EC35B4A7F4C4A6947BE3093</string>
			<key>isa</key>
			<string>PBXBuildFile</string>
		</dict>
	</dict>
	<key>rootObject</key>
	<string>29B97313FDCFA39411CA2CEA</string>
</dict>
</plist>
